
Microsoft Visual Studio Solution File, Format Version 12.00
# Visual Studio Version 17
VisualStudioVersion = 17.9.34728.123
MinimumVisualStudioVersion = 10.0.40219.1
Project("{2150E333-8FDC-42A3-9474-1A3956D46DE8}") = "src", "src", "{EDD390F4-AACF-4EE3-8E44-F3EAD93A24D0}"
EndProject
Project("{2150E333-8FDC-42A3-9474-1A3956D46DE8}") = "tests", "tests", "{7B4616C0-7A01-47A2-9161-2B9E57D0A48A}"
EndProject
Project("{9A19103F-16F7-4668-BE54-9A1E7A4F7556}") = "FC.Codeflix.Catalog.UnitTests", "tests\FC.Codeflix.Catalog.UnitTests\FC.Codeflix.Catalog.UnitTests.csproj", "{02FB119E-EFC7-4885-82EE-CCBAD8ECA014}"
EndProject
Project("{9A19103F-16F7-4668-BE54-9A1E7A4F7556}") = "FC.Codeflix.Catalog.Domain", "src\FC.Codeflix.Catalog.Domain\FC.Codeflix.Catalog.Domain.csproj", "{BF8B8B37-7BA0-4408-9933-EE2B22706F6D}"
EndProject
Project("{9A19103F-16F7-4668-BE54-9A1E7A4F7556}") = "FC.Codeflix.Catalog.Application", "src\FC.Codeflix.Catalog.Application\FC.Codeflix.Catalog.Application.csproj", "{78CECA35-E583-4F93-9F07-CBB6ED13AEBE}"
EndProject
Project("{9A19103F-16F7-4668-BE54-9A1E7A4F7556}") = "FC.Codeflix.Catalog.IntegrationTests", "tests\FC.Codeflix.Catalog.IntegrationTests\FC.Codeflix.Catalog.IntegrationTests.csproj", "{C13EAC83-5237-4F57-94B2-7643BABDD274}"
EndProject
Project("{9A19103F-16F7-4668-BE54-9A1E7A4F7556}") = "FC.Codeflix.Catalog.Infra.Data.EF", "src\FC.Codeflix.Catalog.Infra.Data.EF\FC.Codeflix.Catalog.Infra.Data.EF.csproj", "{B4340755-3837-44FB-AA69-BB1FB5C5C8D6}"
EndProject
Project("{9A19103F-16F7-4668-BE54-9A1E7A4F7556}") = "FC.Codeflix.Catalog.EndToEnd.Tests", "tests\FC.Codeflix.Catalog.EndToEnd.Tests\FC.Codeflix.Catalog.EndToEnd.Tests.csproj", "{42BD5ADC-7006-4D35-8B12-D7B694A6F35F}"
EndProject
Project("{FAE04EC0-301F-11D3-BF4B-00C04F79EFBC}") = "FC.Codeflix.Catalog.Api", "src\FC.Codeflix.Catalog.Api\FC.Codeflix.Catalog.Api.csproj", "{D71D209C-E51F-4974-801C-AA63D3199EED}"
EndProject
Global
	GlobalSection(SolutionConfigurationPlatforms) = preSolution
		Debug|Any CPU = Debug|Any CPU
		Release|Any CPU = Release|Any CPU
	EndGlobalSection
	GlobalSection(ProjectConfigurationPlatforms) = postSolution
		{02FB119E-EFC7-4885-82EE-CCBAD8ECA014}.Debug|Any CPU.ActiveCfg = Debug|Any CPU
		{02FB119E-EFC7-4885-82EE-CCBAD8ECA014}.Debug|Any CPU.Build.0 = Debug|Any CPU
		{02FB119E-EFC7-4885-82EE-CCBAD8ECA014}.Release|Any CPU.ActiveCfg = Release|Any CPU
		{02FB119E-EFC7-4885-82EE-CCBAD8ECA014}.Release|Any CPU.Build.0 = Release|Any CPU
		{BF8B8B37-7BA0-4408-9933-EE2B22706F6D}.Debug|Any CPU.ActiveCfg = Debug|Any CPU
		{BF8B8B37-7BA0-4408-9933-EE2B22706F6D}.Debug|Any CPU.Build.0 = Debug|Any CPU
		{BF8B8B37-7BA0-4408-9933-EE2B22706F6D}.Release|Any CPU.ActiveCfg = Release|Any CPU
		{BF8B8B37-7BA0-4408-9933-EE2B22706F6D}.Release|Any CPU.Build.0 = Release|Any CPU
		{78CECA35-E583-4F93-9F07-CBB6ED13AEBE}.Debug|Any CPU.ActiveCfg = Debug|Any CPU
		{78CECA35-E583-4F93-9F07-CBB6ED13AEBE}.Debug|Any CPU.Build.0 = Debug|Any CPU
		{78CECA35-E583-4F93-9F07-CBB6ED13AEBE}.Release|Any CPU.ActiveCfg = Release|Any CPU
		{78CECA35-E583-4F93-9F07-CBB6ED13AEBE}.Release|Any CPU.Build.0 = Release|Any CPU
		{C13EAC83-5237-4F57-94B2-7643BABDD274}.Debug|Any CPU.ActiveCfg = Debug|Any CPU
		{C13EAC83-5237-4F57-94B2-7643BABDD274}.Debug|Any CPU.Build.0 = Debug|Any CPU
		{C13EAC83-5237-4F57-94B2-7643BABDD274}.Release|Any CPU.ActiveCfg = Release|Any CPU
		{C13EAC83-5237-4F57-94B2-7643BABDD274}.Release|Any CPU.Build.0 = Release|Any CPU
		{B4340755-3837-44FB-AA69-BB1FB5C5C8D6}.Debug|Any CPU.ActiveCfg = Debug|Any CPU
		{B4340755-3837-44FB-AA69-BB1FB5C5C8D6}.Debug|Any CPU.Build.0 = Debug|Any CPU
		{B4340755-3837-44FB-AA69-BB1FB5C5C8D6}.Release|Any CPU.ActiveCfg = Release|Any CPU
		{B4340755-3837-44FB-AA69-BB1FB5C5C8D6}.Release|Any CPU.Build.0 = Release|Any CPU
		{42BD5ADC-7006-4D35-8B12-D7B694A6F35F}.Debug|Any CPU.ActiveCfg = Debug|Any CPU
		{42BD5ADC-7006-4D35-8B12-D7B694A6F35F}.Debug|Any CPU.Build.0 = Debug|Any CPU
		{42BD5ADC-7006-4D35-8B12-D7B694A6F35F}.Release|Any CPU.ActiveCfg = Release|Any CPU
		{42BD5ADC-7006-4D35-8B12-D7B694A6F35F}.Release|Any CPU.Build.0 = Release|Any CPU
		{D71D209C-E51F-4974-801C-AA63D3199EED}.Debug|Any CPU.ActiveCfg = Debug|Any CPU
		{D71D209C-E51F-4974-801C-AA63D3199EED}.Debug|Any CPU.Build.0 = Debug|Any CPU
		{D71D209C-E51F-4974-801C-AA63D3199EED}.Release|Any CPU.ActiveCfg = Release|Any CPU
		{D71D209C-E51F-4974-801C-AA63D3199EED}.Release|Any CPU.Build.0 = Release|Any CPU
	EndGlobalSection
	GlobalSection(SolutionProperties) = preSolution
		HideSolutionNode = FALSE
	EndGlobalSection
	GlobalSection(NestedProjects) = preSolution
		{02FB119E-EFC7-4885-82EE-CCBAD8ECA014} = {7B4616C0-7A01-47A2-9161-2B9E57D0A48A}
		{BF8B8B37-7BA0-4408-9933-EE2B22706F6D} = {EDD390F4-AACF-4EE3-8E44-F3EAD93A24D0}
		{78CECA35-E583-4F93-9F07-CBB6ED13AEBE} = {EDD390F4-AACF-4EE3-8E44-F3EAD93A24D0}
		{C13EAC83-5237-4F57-94B2-7643BABDD274} = {7B4616C0-7A01-47A2-9161-2B9E57D0A48A}
		{B4340755-3837-44FB-AA69-BB1FB5C5C8D6} = {EDD390F4-AACF-4EE3-8E44-F3EAD93A24D0}
		{42BD5ADC-7006-4D35-8B12-D7B694A6F35F} = {7B4616C0-7A01-47A2-9161-2B9E57D0A48A}
		{D71D209C-E51F-4974-801C-AA63D3199EED} = {EDD390F4-AACF-4EE3-8E44-F3EAD93A24D0}
	EndGlobalSection
	GlobalSection(ExtensibilityGlobals) = postSolution
		SolutionGuid = {CBC42170-853E-4903-950F-71C7D4F417E0}
	EndGlobalSection
EndGlobal
